{
  "name": "pep",
  "version": "1.0.0",
  "lockfileVersion": 1,
  "requires": true,
  "dependencies": {
    "workbox-sw": {
      "version": "3.6.1",
      "resolved": "https://registry.npmjs.org/workbox-sw/-/workbox-sw-3.6.1.tgz",
      "integrity": "sha512-bXKvvjt5Oet87cpuSuVpiFYBohCv9xLmniZwMZPAFQVEtpPCyWv5X+UVZ+BpHVDBcRMYz7lXNIRWa9J54zR2vA=="
    }
  }
}
